
Microsoft Visual Studio Solution File, Format Version 12.00
# Visual Studio Version 17
VisualStudioVersion = 17.14.36518.9
MinimumVisualStudioVersion = 10.0.40219.1
Project("{2150E333-8FDC-42A3-9474-1A3956D46DE8}") = "Homework_01", "Homework_01", "{02EA681E-C7D8-13C7-8484-4AC65E1B71E8}"
EndProject
Project("{8BC9CEB8-8B4A-11D0-8D11-00A0C91BC942}") = "TeamForMillions", "TeamForMillions\TeamForMillions.vcxproj", "{F6B31B6F-95E3-4F82-9E2E-75DD9BC6DB46}"
EndProject
Project("{8BC9CEB8-8B4A-11D0-8D11-00A0C91BC942}") = "WalkingMedian", "WalkingMedian\WalkingMedian.vcxproj", "{3F5ADB1B-3615-4FF0-8F3E-C08AA46932FB}"
EndProject
Project("{8BC9CEB8-8B4A-11D0-8D11-00A0C91BC942}") = "SDAHomework", "SDAHomework\SDAHomework.vcxproj", "{264F48BD-C125-4F9C-8FC4-5652EA3229D6}"
EndProject
Project("{2150E333-8FDC-42A3-9474-1A3956D46DE8}") = "Homeworks", "Homeworks", "{8082506F-0876-4CDD-AAFA-21DF1D8CD555}"
EndProject
Project("{8BC9CEB8-8B4A-11D0-8D11-00A0C91BC942}") = "SortingAlgorithms", "SortingAlgorithms\SortingAlgorithms.vcxproj", "{51AF24AD-43B1-42DC-90BB-F67BECBFED58}"
EndProject
Project("{2150E333-8FDC-42A3-9474-1A3956D46DE8}") = "Homework_02", "Homework_02", "{3CF02379-2FCF-4883-A540-B693EAA535EF}"
EndProject
Project("{8BC9CEB8-8B4A-11D0-8D11-00A0C91BC942}") = "FavouriteNumber", "FavouriteNumber\FavouriteNumber.vcxproj", "{895C60F7-ADBE-483F-BBD5-B2860FA41DA8}"
EndProject
Project("{8BC9CEB8-8B4A-11D0-8D11-00A0C91BC942}") = "Tournaments", "Tournaments\Tournaments.vcxproj", "{35FF3AD3-DB81-430D-994B-A698A470806B}"
EndProject
Project("{2150E333-8FDC-42A3-9474-1A3956D46DE8}") = "Homework_03", "Homework_03", "{4E7BE774-9C41-43C8-8BFF-DAB26CBB249A}"
EndProject
Project("{8BC9CEB8-8B4A-11D0-8D11-00A0C91BC942}") = "InsertANodeAtASpecificPositionInALinkedList", "InsertANodeAtASpecificPositionInALinkedList\InsertANodeAtASpecificPositionInALinkedList.vcxproj", "{8B967A15-F487-432D-935E-0B4D1C3FAFEB}"
EndProject
Project("{8BC9CEB8-8B4A-11D0-8D11-00A0C91BC942}") = "MergeTwoSortedLinkedLists", "MergeTwoSortedLinkedLists\MergeTwoSortedLinkedLists.vcxproj", "{00A0EA1C-8D3E-409A-B22F-EDD18CF05424}"
EndProject
Global
	GlobalSection(SolutionConfigurationPlatforms) = preSolution
		Debug|x64 = Debug|x64
		Debug|x86 = Debug|x86
		Release|x64 = Release|x64
		Release|x86 = Release|x86
	EndGlobalSection
	GlobalSection(ProjectConfigurationPlatforms) = postSolution
		{F6B31B6F-95E3-4F82-9E2E-75DD9BC6DB46}.Debug|x64.ActiveCfg = Debug|x64
		{F6B31B6F-95E3-4F82-9E2E-75DD9BC6DB46}.Debug|x64.Build.0 = Debug|x64
		{F6B31B6F-95E3-4F82-9E2E-75DD9BC6DB46}.Debug|x86.ActiveCfg = Debug|Win32
		{F6B31B6F-95E3-4F82-9E2E-75DD9BC6DB46}.Debug|x86.Build.0 = Debug|Win32
		{F6B31B6F-95E3-4F82-9E2E-75DD9BC6DB46}.Release|x64.ActiveCfg = Release|x64
		{F6B31B6F-95E3-4F82-9E2E-75DD9BC6DB46}.Release|x64.Build.0 = Release|x64
		{F6B31B6F-95E3-4F82-9E2E-75DD9BC6DB46}.Release|x86.ActiveCfg = Release|Win32
		{F6B31B6F-95E3-4F82-9E2E-75DD9BC6DB46}.Release|x86.Build.0 = Release|Win32
		{3F5ADB1B-3615-4FF0-8F3E-C08AA46932FB}.Debug|x64.ActiveCfg = Debug|x64
		{3F5ADB1B-3615-4FF0-8F3E-C08AA46932FB}.Debug|x64.Build.0 = Debug|x64
		{3F5ADB1B-3615-4FF0-8F3E-C08AA46932FB}.Debug|x86.ActiveCfg = Debug|Win32
		{3F5ADB1B-3615-4FF0-8F3E-C08AA46932FB}.Debug|x86.Build.0 = Debug|Win32
		{3F5ADB1B-3615-4FF0-8F3E-C08AA46932FB}.Release|x64.ActiveCfg = Release|x64
		{3F5ADB1B-3615-4FF0-8F3E-C08AA46932FB}.Release|x64.Build.0 = Release|x64
		{3F5ADB1B-3615-4FF0-8F3E-C08AA46932FB}.Release|x86.ActiveCfg = Release|Win32
		{3F5ADB1B-3615-4FF0-8F3E-C08AA46932FB}.Release|x86.Build.0 = Release|Win32
		{264F48BD-C125-4F9C-8FC4-5652EA3229D6}.Debug|x64.ActiveCfg = Debug|x64
		{264F48BD-C125-4F9C-8FC4-5652EA3229D6}.Debug|x64.Build.0 = Debug|x64
		{264F48BD-C125-4F9C-8FC4-5652EA3229D6}.Debug|x86.ActiveCfg = Debug|Win32
		{264F48BD-C125-4F9C-8FC4-5652EA3229D6}.Debug|x86.Build.0 = Debug|Win32
		{264F48BD-C125-4F9C-8FC4-5652EA3229D6}.Release|x64.ActiveCfg = Release|x64
		{264F48BD-C125-4F9C-8FC4-5652EA3229D6}.Release|x64.Build.0 = Release|x64
		{264F48BD-C125-4F9C-8FC4-5652EA3229D6}.Release|x86.ActiveCfg = Release|Win32
		{264F48BD-C125-4F9C-8FC4-5652EA3229D6}.Release|x86.Build.0 = Release|Win32
		{51AF24AD-43B1-42DC-90BB-F67BECBFED58}.Debug|x64.ActiveCfg = Debug|x64
		{51AF24AD-43B1-42DC-90BB-F67BECBFED58}.Debug|x64.Build.0 = Debug|x64
		{51AF24AD-43B1-42DC-90BB-F67BECBFED58}.Debug|x86.ActiveCfg = Debug|Win32
		{51AF24AD-43B1-42DC-90BB-F67BECBFED58}.Debug|x86.Build.0 = Debug|Win32
		{51AF24AD-43B1-42DC-90BB-F67BECBFED58}.Release|x64.ActiveCfg = Release|x64
		{51AF24AD-43B1-42DC-90BB-F67BECBFED58}.Release|x64.Build.0 = Release|x64
		{51AF24AD-43B1-42DC-90BB-F67BECBFED58}.Release|x86.ActiveCfg = Release|Win32
		{51AF24AD-43B1-42DC-90BB-F67BECBFED58}.Release|x86.Build.0 = Release|Win32
		{895C60F7-ADBE-483F-BBD5-B2860FA41DA8}.Debug|x64.ActiveCfg = Debug|x64
		{895C60F7-ADBE-483F-BBD5-B2860FA41DA8}.Debug|x64.Build.0 = Debug|x64
		{895C60F7-ADBE-483F-BBD5-B2860FA41DA8}.Debug|x86.ActiveCfg = Debug|Win32
		{895C60F7-ADBE-483F-BBD5-B2860FA41DA8}.Debug|x86.Build.0 = Debug|Win32
		{895C60F7-ADBE-483F-BBD5-B2860FA41DA8}.Release|x64.ActiveCfg = Release|x64
		{895C60F7-ADBE-483F-BBD5-B2860FA41DA8}.Release|x64.Build.0 = Release|x64
		{895C60F7-ADBE-483F-BBD5-B2860FA41DA8}.Release|x86.ActiveCfg = Release|Win32
		{895C60F7-ADBE-483F-BBD5-B2860FA41DA8}.Release|x86.Build.0 = Release|Win32
		{35FF3AD3-DB81-430D-994B-A698A470806B}.Debug|x64.ActiveCfg = Debug|x64
		{35FF3AD3-DB81-430D-994B-A698A470806B}.Debug|x64.Build.0 = Debug|x64
		{35FF3AD3-DB81-430D-994B-A698A470806B}.Debug|x86.ActiveCfg = Debug|Win32
		{35FF3AD3-DB81-430D-994B-A698A470806B}.Debug|x86.Build.0 = Debug|Win32
		{35FF3AD3-DB81-430D-994B-A698A470806B}.Release|x64.ActiveCfg = Release|x64
		{35FF3AD3-DB81-430D-994B-A698A470806B}.Release|x64.Build.0 = Release|x64
		{35FF3AD3-DB81-430D-994B-A698A470806B}.Release|x86.ActiveCfg = Release|Win32
		{35FF3AD3-DB81-430D-994B-A698A470806B}.Release|x86.Build.0 = Release|Win32
		{8B967A15-F487-432D-935E-0B4D1C3FAFEB}.Debug|x64.ActiveCfg = Debug|x64
		{8B967A15-F487-432D-935E-0B4D1C3FAFEB}.Debug|x64.Build.0 = Debug|x64
		{8B967A15-F487-432D-935E-0B4D1C3FAFEB}.Debug|x86.ActiveCfg = Debug|Win32
		{8B967A15-F487-432D-935E-0B4D1C3FAFEB}.Debug|x86.Build.0 = Debug|Win32
		{8B967A15-F487-432D-935E-0B4D1C3FAFEB}.Release|x64.ActiveCfg = Release|x64
		{8B967A15-F487-432D-935E-0B4D1C3FAFEB}.Release|x64.Build.0 = Release|x64
		{8B967A15-F487-432D-935E-0B4D1C3FAFEB}.Release|x86.ActiveCfg = Release|Win32
		{8B967A15-F487-432D-935E-0B4D1C3FAFEB}.Release|x86.Build.0 = Release|Win32
		{00A0EA1C-8D3E-409A-B22F-EDD18CF05424}.Debug|x64.ActiveCfg = Debug|x64
		{00A0EA1C-8D3E-409A-B22F-EDD18CF05424}.Debug|x64.Build.0 = Debug|x64
		{00A0EA1C-8D3E-409A-B22F-EDD18CF05424}.Debug|x86.ActiveCfg = Debug|Win32
		{00A0EA1C-8D3E-409A-B22F-EDD18CF05424}.Debug|x86.Build.0 = Debug|Win32
		{00A0EA1C-8D3E-409A-B22F-EDD18CF05424}.Release|x64.ActiveCfg = Release|x64
		{00A0EA1C-8D3E-409A-B22F-EDD18CF05424}.Release|x64.Build.0 = Release|x64
		{00A0EA1C-8D3E-409A-B22F-EDD18CF05424}.Release|x86.ActiveCfg = Release|Win32
		{00A0EA1C-8D3E-409A-B22F-EDD18CF05424}.Release|x86.Build.0 = Release|Win32
	EndGlobalSection
	GlobalSection(SolutionProperties) = preSolution
		HideSolutionNode = FALSE
	EndGlobalSection
	GlobalSection(NestedProjects) = preSolution
		{02EA681E-C7D8-13C7-8484-4AC65E1B71E8} = {8082506F-0876-4CDD-AAFA-21DF1D8CD555}
		{F6B31B6F-95E3-4F82-9E2E-75DD9BC6DB46} = {02EA681E-C7D8-13C7-8484-4AC65E1B71E8}
		{3F5ADB1B-3615-4FF0-8F3E-C08AA46932FB} = {02EA681E-C7D8-13C7-8484-4AC65E1B71E8}
		{264F48BD-C125-4F9C-8FC4-5652EA3229D6} = {02EA681E-C7D8-13C7-8484-4AC65E1B71E8}
		{3CF02379-2FCF-4883-A540-B693EAA535EF} = {8082506F-0876-4CDD-AAFA-21DF1D8CD555}
		{895C60F7-ADBE-483F-BBD5-B2860FA41DA8} = {3CF02379-2FCF-4883-A540-B693EAA535EF}
		{35FF3AD3-DB81-430D-994B-A698A470806B} = {3CF02379-2FCF-4883-A540-B693EAA535EF}
		{4E7BE774-9C41-43C8-8BFF-DAB26CBB249A} = {8082506F-0876-4CDD-AAFA-21DF1D8CD555}
		{8B967A15-F487-432D-935E-0B4D1C3FAFEB} = {4E7BE774-9C41-43C8-8BFF-DAB26CBB249A}
		{00A0EA1C-8D3E-409A-B22F-EDD18CF05424} = {4E7BE774-9C41-43C8-8BFF-DAB26CBB249A}
	EndGlobalSection
	GlobalSection(ExtensibilityGlobals) = postSolution
		SolutionGuid = {F3E5DCB5-CE15-4A17-BEAB-CB6A2B0A452A}
	EndGlobalSection
EndGlobal
